
Microsoft Visual Studio Solution File, Format Version 12.00
# Visual Studio 15
Project("{FAE04EC0-301F-11D3-BF4B-00C04F79EFBC}") = "MyFormsApp.Android", "MyFormsApp.Android\MyFormsApp.Android.csproj", "{029323FF-5490-4086-9BF6-2B909A07E742}"
EndProject
Project("{FAE04EC0-301F-11D3-BF4B-00C04F79EFBC}") = "MyFormsApp.iOS", "MyFormsApp.iOS\MyFormsApp.iOS.csproj", "{C655F492-4CEF-4BD0-B904-930AB4523C5F}"
EndProject
Project("{FAE04EC0-301F-11D3-BF4B-00C04F79EFBC}") = "MyFormsApp.UITests", "MyFormsApp.UITests\MyFormsApp.UITests.csproj", "{1597B089-8062-43E9-897E-2DDA22C0BA3D}"
EndProject
Project("{FAE04EC0-301F-11D3-BF4B-00C04F79EFBC}") = "MyFormsApp", "MyFormsApp\MyFormsApp.csproj", "{C4412405-4D8B-4F12-A5D5-AE28EEE4B62B}"
EndProject
Project("{FAE04EC0-301F-11D3-BF4B-00C04F79EFBC}") = "Commons", "Commons\Commons.csproj", "{36694E21-C252-4BD2-99C4-1284196D62EA}"
EndProject
Global
	GlobalSection(SolutionConfigurationPlatforms) = preSolution
		Debug|Any CPU = Debug|Any CPU
		Release|Any CPU = Release|Any CPU
		Debug|iPhoneSimulator = Debug|iPhoneSimulator
		Release|iPhoneSimulator = Release|iPhoneSimulator
		Debug|iPhone = Debug|iPhone
		Release|iPhone = Release|iPhone
		Dev|Any CPU = Dev|Any CPU
		Dev|iPhoneSimulator = Dev|iPhoneSimulator
		Dev|iPhone = Dev|iPhone
		Uat|iPhoneSimulator = Uat|iPhoneSimulator
		Uat|Any CPU = Uat|Any CPU
		Uat|iPhone = Uat|iPhone
		Qa|Any CPU = Qa|Any CPU
		Qa|iPhoneSimulator = Qa|iPhoneSimulator
		Qa|iPhone = Qa|iPhone
	EndGlobalSection
	GlobalSection(ProjectConfigurationPlatforms) = postSolution
		{029323FF-5490-4086-9BF6-2B909A07E742}.Debug|Any CPU.ActiveCfg = Debug|Any CPU
		{029323FF-5490-4086-9BF6-2B909A07E742}.Debug|Any CPU.Build.0 = Debug|Any CPU
		{029323FF-5490-4086-9BF6-2B909A07E742}.Release|Any CPU.ActiveCfg = Release|Any CPU
		{029323FF-5490-4086-9BF6-2B909A07E742}.Release|Any CPU.Build.0 = Release|Any CPU
		{029323FF-5490-4086-9BF6-2B909A07E742}.Debug|iPhoneSimulator.ActiveCfg = Debug|Any CPU
		{029323FF-5490-4086-9BF6-2B909A07E742}.Debug|iPhoneSimulator.Build.0 = Debug|Any CPU
		{029323FF-5490-4086-9BF6-2B909A07E742}.Release|iPhoneSimulator.ActiveCfg = Release|Any CPU
		{029323FF-5490-4086-9BF6-2B909A07E742}.Release|iPhoneSimulator.Build.0 = Release|Any CPU
		{029323FF-5490-4086-9BF6-2B909A07E742}.Debug|iPhone.ActiveCfg = Debug|Any CPU
		{029323FF-5490-4086-9BF6-2B909A07E742}.Debug|iPhone.Build.0 = Debug|Any CPU
		{029323FF-5490-4086-9BF6-2B909A07E742}.Release|iPhone.ActiveCfg = Release|Any CPU
		{029323FF-5490-4086-9BF6-2B909A07E742}.Release|iPhone.Build.0 = Release|Any CPU
		{029323FF-5490-4086-9BF6-2B909A07E742}.Dev|Any CPU.ActiveCfg = Dev|Any CPU
		{029323FF-5490-4086-9BF6-2B909A07E742}.Dev|Any CPU.Build.0 = Dev|Any CPU
		{029323FF-5490-4086-9BF6-2B909A07E742}.Dev|iPhoneSimulator.ActiveCfg = Dev|iPhoneSimulator
		{029323FF-5490-4086-9BF6-2B909A07E742}.Dev|iPhoneSimulator.Build.0 = Dev|iPhoneSimulator
		{029323FF-5490-4086-9BF6-2B909A07E742}.Dev|iPhone.ActiveCfg = Dev|iPhone
		{029323FF-5490-4086-9BF6-2B909A07E742}.Dev|iPhone.Build.0 = Dev|iPhone
		{029323FF-5490-4086-9BF6-2B909A07E742}.Uat|iPhoneSimulator.ActiveCfg = Uat|iPhoneSimulator
		{029323FF-5490-4086-9BF6-2B909A07E742}.Uat|iPhoneSimulator.Build.0 = Uat|iPhoneSimulator
		{029323FF-5490-4086-9BF6-2B909A07E742}.Uat|Any CPU.ActiveCfg = Uat|Any CPU
		{029323FF-5490-4086-9BF6-2B909A07E742}.Uat|Any CPU.Build.0 = Uat|Any CPU
		{029323FF-5490-4086-9BF6-2B909A07E742}.Uat|iPhone.ActiveCfg = Uat|iPhone
		{029323FF-5490-4086-9BF6-2B909A07E742}.Uat|iPhone.Build.0 = Uat|iPhone
		{029323FF-5490-4086-9BF6-2B909A07E742}.Qa|Any CPU.ActiveCfg = Qa|Any CPU
		{029323FF-5490-4086-9BF6-2B909A07E742}.Qa|Any CPU.Build.0 = Qa|Any CPU
		{029323FF-5490-4086-9BF6-2B909A07E742}.Qa|iPhoneSimulator.ActiveCfg = Qa|iPhoneSimulator
		{029323FF-5490-4086-9BF6-2B909A07E742}.Qa|iPhoneSimulator.Build.0 = Qa|iPhoneSimulator
		{029323FF-5490-4086-9BF6-2B909A07E742}.Qa|iPhone.ActiveCfg = Qa|iPhone
		{029323FF-5490-4086-9BF6-2B909A07E742}.Qa|iPhone.Build.0 = Qa|iPhone
		{C655F492-4CEF-4BD0-B904-930AB4523C5F}.Debug|Any CPU.ActiveCfg = Debug|iPhoneSimulator
		{C655F492-4CEF-4BD0-B904-930AB4523C5F}.Debug|Any CPU.Build.0 = Debug|iPhoneSimulator
		{C655F492-4CEF-4BD0-B904-930AB4523C5F}.Release|Any CPU.ActiveCfg = Release|iPhoneSimulator
		{C655F492-4CEF-4BD0-B904-930AB4523C5F}.Release|Any CPU.Build.0 = Release|iPhoneSimulator
		{C655F492-4CEF-4BD0-B904-930AB4523C5F}.Debug|iPhoneSimulator.ActiveCfg = Debug|iPhoneSimulator
		{C655F492-4CEF-4BD0-B904-930AB4523C5F}.Debug|iPhoneSimulator.Build.0 = Debug|iPhoneSimulator
		{C655F492-4CEF-4BD0-B904-930AB4523C5F}.Release|iPhoneSimulator.ActiveCfg = Release|iPhoneSimulator
		{C655F492-4CEF-4BD0-B904-930AB4523C5F}.Release|iPhoneSimulator.Build.0 = Release|iPhoneSimulator
		{C655F492-4CEF-4BD0-B904-930AB4523C5F}.Debug|iPhone.ActiveCfg = Debug|iPhone
		{C655F492-4CEF-4BD0-B904-930AB4523C5F}.Debug|iPhone.Build.0 = Debug|iPhone
		{C655F492-4CEF-4BD0-B904-930AB4523C5F}.Release|iPhone.ActiveCfg = Release|iPhone
		{C655F492-4CEF-4BD0-B904-930AB4523C5F}.Release|iPhone.Build.0 = Release|iPhone
		{C655F492-4CEF-4BD0-B904-930AB4523C5F}.Dev|Any CPU.ActiveCfg = Dev|Any CPU
		{C655F492-4CEF-4BD0-B904-930AB4523C5F}.Dev|Any CPU.Build.0 = Dev|Any CPU
		{C655F492-4CEF-4BD0-B904-930AB4523C5F}.Dev|iPhoneSimulator.ActiveCfg = Dev|iPhoneSimulator
		{C655F492-4CEF-4BD0-B904-930AB4523C5F}.Dev|iPhoneSimulator.Build.0 = Dev|iPhoneSimulator
		{C655F492-4CEF-4BD0-B904-930AB4523C5F}.Dev|iPhone.ActiveCfg = Dev|iPhone
		{C655F492-4CEF-4BD0-B904-930AB4523C5F}.Dev|iPhone.Build.0 = Dev|iPhone
		{C655F492-4CEF-4BD0-B904-930AB4523C5F}.Uat|iPhoneSimulator.ActiveCfg = Uat|iPhoneSimulator
		{C655F492-4CEF-4BD0-B904-930AB4523C5F}.Uat|iPhoneSimulator.Build.0 = Uat|iPhoneSimulator
		{C655F492-4CEF-4BD0-B904-930AB4523C5F}.Uat|Any CPU.ActiveCfg = Uat|Any CPU
		{C655F492-4CEF-4BD0-B904-930AB4523C5F}.Uat|Any CPU.Build.0 = Uat|Any CPU
		{C655F492-4CEF-4BD0-B904-930AB4523C5F}.Uat|iPhone.ActiveCfg = Uat|iPhone
		{C655F492-4CEF-4BD0-B904-930AB4523C5F}.Uat|iPhone.Build.0 = Uat|iPhone
		{C655F492-4CEF-4BD0-B904-930AB4523C5F}.Qa|Any CPU.ActiveCfg = Qa|Any CPU
		{C655F492-4CEF-4BD0-B904-930AB4523C5F}.Qa|Any CPU.Build.0 = Qa|Any CPU
		{C655F492-4CEF-4BD0-B904-930AB4523C5F}.Qa|iPhoneSimulator.ActiveCfg = Qa|iPhoneSimulator
		{C655F492-4CEF-4BD0-B904-930AB4523C5F}.Qa|iPhoneSimulator.Build.0 = Qa|iPhoneSimulator
		{C655F492-4CEF-4BD0-B904-930AB4523C5F}.Qa|iPhone.ActiveCfg = Qa|iPhone
		{C655F492-4CEF-4BD0-B904-930AB4523C5F}.Qa|iPhone.Build.0 = Qa|iPhone
		{1597B089-8062-43E9-897E-2DDA22C0BA3D}.Debug|Any CPU.ActiveCfg = Debug|Any CPU
		{1597B089-8062-43E9-897E-2DDA22C0BA3D}.Debug|Any CPU.Build.0 = Debug|Any CPU
		{1597B089-8062-43E9-897E-2DDA22C0BA3D}.Release|Any CPU.ActiveCfg = Release|Any CPU
		{1597B089-8062-43E9-897E-2DDA22C0BA3D}.Release|Any CPU.Build.0 = Release|Any CPU
		{1597B089-8062-43E9-897E-2DDA22C0BA3D}.Debug|iPhoneSimulator.ActiveCfg = Debug|Any CPU
		{1597B089-8062-43E9-897E-2DDA22C0BA3D}.Debug|iPhoneSimulator.Build.0 = Debug|Any CPU
		{1597B089-8062-43E9-897E-2DDA22C0BA3D}.Release|iPhoneSimulator.ActiveCfg = Release|Any CPU
		{1597B089-8062-43E9-897E-2DDA22C0BA3D}.Release|iPhoneSimulator.Build.0 = Release|Any CPU
		{1597B089-8062-43E9-897E-2DDA22C0BA3D}.Debug|iPhone.ActiveCfg = Debug|Any CPU
		{1597B089-8062-43E9-897E-2DDA22C0BA3D}.Debug|iPhone.Build.0 = Debug|Any CPU
		{1597B089-8062-43E9-897E-2DDA22C0BA3D}.Release|iPhone.ActiveCfg = Release|Any CPU
		{1597B089-8062-43E9-897E-2DDA22C0BA3D}.Release|iPhone.Build.0 = Release|Any CPU
		{1597B089-8062-43E9-897E-2DDA22C0BA3D}.Dev|Any CPU.ActiveCfg = Dev|Any CPU
		{1597B089-8062-43E9-897E-2DDA22C0BA3D}.Dev|Any CPU.Build.0 = Dev|Any CPU
		{1597B089-8062-43E9-897E-2DDA22C0BA3D}.Dev|iPhoneSimulator.ActiveCfg = Dev|iPhoneSimulator
		{1597B089-8062-43E9-897E-2DDA22C0BA3D}.Dev|iPhoneSimulator.Build.0 = Dev|iPhoneSimulator
		{1597B089-8062-43E9-897E-2DDA22C0BA3D}.Dev|iPhone.ActiveCfg = Dev|iPhone
		{1597B089-8062-43E9-897E-2DDA22C0BA3D}.Dev|iPhone.Build.0 = Dev|iPhone
		{1597B089-8062-43E9-897E-2DDA22C0BA3D}.Uat|iPhoneSimulator.ActiveCfg = Uat|iPhoneSimulator
		{1597B089-8062-43E9-897E-2DDA22C0BA3D}.Uat|iPhoneSimulator.Build.0 = Uat|iPhoneSimulator
		{1597B089-8062-43E9-897E-2DDA22C0BA3D}.Uat|Any CPU.ActiveCfg = Uat|Any CPU
		{1597B089-8062-43E9-897E-2DDA22C0BA3D}.Uat|Any CPU.Build.0 = Uat|Any CPU
		{1597B089-8062-43E9-897E-2DDA22C0BA3D}.Uat|iPhone.ActiveCfg = Uat|iPhone
		{1597B089-8062-43E9-897E-2DDA22C0BA3D}.Uat|iPhone.Build.0 = Uat|iPhone
		{1597B089-8062-43E9-897E-2DDA22C0BA3D}.Qa|Any CPU.ActiveCfg = Qa|Any CPU
		{1597B089-8062-43E9-897E-2DDA22C0BA3D}.Qa|Any CPU.Build.0 = Qa|Any CPU
		{1597B089-8062-43E9-897E-2DDA22C0BA3D}.Qa|iPhoneSimulator.ActiveCfg = Qa|iPhoneSimulator
		{1597B089-8062-43E9-897E-2DDA22C0BA3D}.Qa|iPhoneSimulator.Build.0 = Qa|iPhoneSimulator
		{1597B089-8062-43E9-897E-2DDA22C0BA3D}.Qa|iPhone.ActiveCfg = Qa|iPhone
		{1597B089-8062-43E9-897E-2DDA22C0BA3D}.Qa|iPhone.Build.0 = Qa|iPhone
		{C4412405-4D8B-4F12-A5D5-AE28EEE4B62B}.Debug|Any CPU.ActiveCfg = Debug|Any CPU
		{C4412405-4D8B-4F12-A5D5-AE28EEE4B62B}.Debug|Any CPU.Build.0 = Debug|Any CPU
		{C4412405-4D8B-4F12-A5D5-AE28EEE4B62B}.Release|Any CPU.ActiveCfg = Release|Any CPU
		{C4412405-4D8B-4F12-A5D5-AE28EEE4B62B}.Release|Any CPU.Build.0 = Release|Any CPU
		{C4412405-4D8B-4F12-A5D5-AE28EEE4B62B}.Debug|iPhoneSimulator.ActiveCfg = Debug|Any CPU
		{C4412405-4D8B-4F12-A5D5-AE28EEE4B62B}.Debug|iPhoneSimulator.Build.0 = Debug|Any CPU
		{C4412405-4D8B-4F12-A5D5-AE28EEE4B62B}.Release|iPhoneSimulator.ActiveCfg = Release|Any CPU
		{C4412405-4D8B-4F12-A5D5-AE28EEE4B62B}.Release|iPhoneSimulator.Build.0 = Release|Any CPU
		{C4412405-4D8B-4F12-A5D5-AE28EEE4B62B}.Debug|iPhone.ActiveCfg = Debug|Any CPU
		{C4412405-4D8B-4F12-A5D5-AE28EEE4B62B}.Debug|iPhone.Build.0 = Debug|Any CPU
		{C4412405-4D8B-4F12-A5D5-AE28EEE4B62B}.Release|iPhone.ActiveCfg = Release|Any CPU
		{C4412405-4D8B-4F12-A5D5-AE28EEE4B62B}.Release|iPhone.Build.0 = Release|Any CPU
		{C4412405-4D8B-4F12-A5D5-AE28EEE4B62B}.Dev|Any CPU.ActiveCfg = Dev|Any CPU
		{C4412405-4D8B-4F12-A5D5-AE28EEE4B62B}.Dev|Any CPU.Build.0 = Dev|Any CPU
		{C4412405-4D8B-4F12-A5D5-AE28EEE4B62B}.Dev|iPhoneSimulator.ActiveCfg = Dev|iPhoneSimulator
		{C4412405-4D8B-4F12-A5D5-AE28EEE4B62B}.Dev|iPhoneSimulator.Build.0 = Dev|iPhoneSimulator
		{C4412405-4D8B-4F12-A5D5-AE28EEE4B62B}.Dev|iPhone.ActiveCfg = Dev|iPhone
		{C4412405-4D8B-4F12-A5D5-AE28EEE4B62B}.Dev|iPhone.Build.0 = Dev|iPhone
		{C4412405-4D8B-4F12-A5D5-AE28EEE4B62B}.Uat|iPhoneSimulator.ActiveCfg = Uat|iPhoneSimulator
		{C4412405-4D8B-4F12-A5D5-AE28EEE4B62B}.Uat|iPhoneSimulator.Build.0 = Uat|iPhoneSimulator
		{C4412405-4D8B-4F12-A5D5-AE28EEE4B62B}.Uat|Any CPU.ActiveCfg = Uat|Any CPU
		{C4412405-4D8B-4F12-A5D5-AE28EEE4B62B}.Uat|Any CPU.Build.0 = Uat|Any CPU
		{C4412405-4D8B-4F12-A5D5-AE28EEE4B62B}.Uat|iPhone.ActiveCfg = Uat|iPhone
		{C4412405-4D8B-4F12-A5D5-AE28EEE4B62B}.Uat|iPhone.Build.0 = Uat|iPhone
		{C4412405-4D8B-4F12-A5D5-AE28EEE4B62B}.Qa|Any CPU.ActiveCfg = Qa|Any CPU
		{C4412405-4D8B-4F12-A5D5-AE28EEE4B62B}.Qa|Any CPU.Build.0 = Qa|Any CPU
		{C4412405-4D8B-4F12-A5D5-AE28EEE4B62B}.Qa|iPhoneSimulator.ActiveCfg = Qa|iPhoneSimulator
		{C4412405-4D8B-4F12-A5D5-AE28EEE4B62B}.Qa|iPhoneSimulator.Build.0 = Qa|iPhoneSimulator
		{C4412405-4D8B-4F12-A5D5-AE28EEE4B62B}.Qa|iPhone.ActiveCfg = Qa|iPhone
		{C4412405-4D8B-4F12-A5D5-AE28EEE4B62B}.Qa|iPhone.Build.0 = Qa|iPhone
		{36694E21-C252-4BD2-99C4-1284196D62EA}.Debug|Any CPU.ActiveCfg = Debug|Any CPU
		{36694E21-C252-4BD2-99C4-1284196D62EA}.Debug|Any CPU.Build.0 = Debug|Any CPU
		{36694E21-C252-4BD2-99C4-1284196D62EA}.Release|Any CPU.ActiveCfg = Release|Any CPU
		{36694E21-C252-4BD2-99C4-1284196D62EA}.Release|Any CPU.Build.0 = Release|Any CPU
		{36694E21-C252-4BD2-99C4-1284196D62EA}.Debug|iPhoneSimulator.ActiveCfg = Debug|Any CPU
		{36694E21-C252-4BD2-99C4-1284196D62EA}.Debug|iPhoneSimulator.Build.0 = Debug|Any CPU
		{36694E21-C252-4BD2-99C4-1284196D62EA}.Release|iPhoneSimulator.ActiveCfg = Release|Any CPU
		{36694E21-C252-4BD2-99C4-1284196D62EA}.Release|iPhoneSimulator.Build.0 = Release|Any CPU
		{36694E21-C252-4BD2-99C4-1284196D62EA}.Debug|iPhone.ActiveCfg = Debug|Any CPU
		{36694E21-C252-4BD2-99C4-1284196D62EA}.Debug|iPhone.Build.0 = Debug|Any CPU
		{36694E21-C252-4BD2-99C4-1284196D62EA}.Release|iPhone.ActiveCfg = Release|Any CPU
		{36694E21-C252-4BD2-99C4-1284196D62EA}.Release|iPhone.Build.0 = Release|Any CPU
		{36694E21-C252-4BD2-99C4-1284196D62EA}.Dev|Any CPU.ActiveCfg = Release|Any CPU
		{36694E21-C252-4BD2-99C4-1284196D62EA}.Dev|Any CPU.Build.0 = Release|Any CPU
		{36694E21-C252-4BD2-99C4-1284196D62EA}.Dev|iPhoneSimulator.ActiveCfg = Release|Any CPU
		{36694E21-C252-4BD2-99C4-1284196D62EA}.Dev|iPhoneSimulator.Build.0 = Release|Any CPU
		{36694E21-C252-4BD2-99C4-1284196D62EA}.Dev|iPhone.ActiveCfg = Release|Any CPU
		{36694E21-C252-4BD2-99C4-1284196D62EA}.Dev|iPhone.Build.0 = Release|Any CPU
		{36694E21-C252-4BD2-99C4-1284196D62EA}.Uat|iPhoneSimulator.ActiveCfg = Release|Any CPU
		{36694E21-C252-4BD2-99C4-1284196D62EA}.Uat|iPhoneSimulator.Build.0 = Release|Any CPU
		{36694E21-C252-4BD2-99C4-1284196D62EA}.Uat|Any CPU.ActiveCfg = Release|Any CPU
		{36694E21-C252-4BD2-99C4-1284196D62EA}.Uat|Any CPU.Build.0 = Release|Any CPU
		{36694E21-C252-4BD2-99C4-1284196D62EA}.Uat|iPhone.ActiveCfg = Release|Any CPU
		{36694E21-C252-4BD2-99C4-1284196D62EA}.Uat|iPhone.Build.0 = Release|Any CPU
		{36694E21-C252-4BD2-99C4-1284196D62EA}.Qa|Any CPU.ActiveCfg = Release|Any CPU
		{36694E21-C252-4BD2-99C4-1284196D62EA}.Qa|Any CPU.Build.0 = Release|Any CPU
		{36694E21-C252-4BD2-99C4-1284196D62EA}.Qa|iPhoneSimulator.ActiveCfg = Release|Any CPU
		{36694E21-C252-4BD2-99C4-1284196D62EA}.Qa|iPhoneSimulator.Build.0 = Release|Any CPU
		{36694E21-C252-4BD2-99C4-1284196D62EA}.Qa|iPhone.ActiveCfg = Release|Any CPU
		{36694E21-C252-4BD2-99C4-1284196D62EA}.Qa|iPhone.Build.0 = Release|Any CPU
	EndGlobalSection
	GlobalSection(MonoDevelopProperties) = preSolution
		Policies = $0
		$0.DotNetNamingPolicy = $1
		$1.DirectoryNamespaceAssociation = PrefixedHierarchical
	EndGlobalSection
EndGlobal
